
Microsoft Visual Studio Solution File, Format Version 12.00
# Visual Studio Version 17
VisualStudioVersion = 17.2.32516.85
MinimumVisualStudioVersion = 10.0.40219.1
Project("{FAE04EC0-301F-11D3-BF4B-00C04F79EFBC}") = "PME2ejercicio1_1.Android", "PME2ejercicio1_1.Android\PME2ejercicio1_1.Android.csproj", "{0F59CF5E-023A-4697-A3B6-3086CA5E5315}"
EndProject
Project("{FAE04EC0-301F-11D3-BF4B-00C04F79EFBC}") = "PME2ejercicio1_1", "PME2ejercicio1_1\PME2ejercicio1_1.csproj", "{DFF46E3D-B2F8-4331-87C2-D6BF046B46CD}"
EndProject
Global
	GlobalSection(SolutionConfigurationPlatforms) = preSolution
		Debug|Any CPU = Debug|Any CPU
		Release|Any CPU = Release|Any CPU
	EndGlobalSection
	GlobalSection(ProjectConfigurationPlatforms) = postSolution
		{0F59CF5E-023A-4697-A3B6-3086CA5E5315}.Debug|Any CPU.ActiveCfg = Debug|Any CPU
		{0F59CF5E-023A-4697-A3B6-3086CA5E5315}.Debug|Any CPU.Build.0 = Debug|Any CPU
		{0F59CF5E-023A-4697-A3B6-3086CA5E5315}.Debug|Any CPU.Deploy.0 = Debug|Any CPU
		{0F59CF5E-023A-4697-A3B6-3086CA5E5315}.Release|Any CPU.ActiveCfg = Release|Any CPU
		{0F59CF5E-023A-4697-A3B6-3086CA5E5315}.Release|Any CPU.Build.0 = Release|Any CPU
		{0F59CF5E-023A-4697-A3B6-3086CA5E5315}.Release|Any CPU.Deploy.0 = Release|Any CPU
		{DFF46E3D-B2F8-4331-87C2-D6BF046B46CD}.Debug|Any CPU.ActiveCfg = Debug|Any CPU
		{DFF46E3D-B2F8-4331-87C2-D6BF046B46CD}.Debug|Any CPU.Build.0 = Debug|Any CPU
		{DFF46E3D-B2F8-4331-87C2-D6BF046B46CD}.Debug|Any CPU.Deploy.0 = Debug|Any CPU
		{DFF46E3D-B2F8-4331-87C2-D6BF046B46CD}.Release|Any CPU.ActiveCfg = Release|Any CPU
		{DFF46E3D-B2F8-4331-87C2-D6BF046B46CD}.Release|Any CPU.Build.0 = Release|Any CPU
		{DFF46E3D-B2F8-4331-87C2-D6BF046B46CD}.Release|Any CPU.Deploy.0 = Release|Any CPU
	EndGlobalSection
	GlobalSection(SolutionProperties) = preSolution
		HideSolutionNode = FALSE
	EndGlobalSection
	GlobalSection(ExtensibilityGlobals) = postSolution
		SolutionGuid = {518D1398-17F6-4806-B076-24521C876F1B}
	EndGlobalSection
EndGlobal
